
Microsoft Visual Studio Solution File, Format Version 12.00
# Visual Studio Version 16
VisualStudioVersion = 16.0.32901.82
MinimumVisualStudioVersion = 10.0.40219.1
Project("{FAE04EC0-301F-11D3-BF4B-00C04F79EFBC}") = "eBookCommerce", "eBookCommerce\eBookCommerce.csproj", "{C869C674-D9CF-4E57-B96D-019286E487B5}"
EndProject
Global
	GlobalSection(SolutionConfigurationPlatforms) = preSolution
		Debug|Any CPU = Debug|Any CPU
		Release|Any CPU = Release|Any CPU
	EndGlobalSection
	GlobalSection(ProjectConfigurationPlatforms) = postSolution
		{C869C674-D9CF-4E57-B96D-019286E487B5}.Debug|Any CPU.ActiveCfg = Debug|Any CPU
		{C869C674-D9CF-4E57-B96D-019286E487B5}.Debug|Any CPU.Build.0 = Debug|Any CPU
		{C869C674-D9CF-4E57-B96D-019286E487B5}.Release|Any CPU.ActiveCfg = Release|Any CPU
		{C869C674-D9CF-4E57-B96D-019286E487B5}.Release|Any CPU.Build.0 = Release|Any CPU
	EndGlobalSection
	GlobalSection(SolutionProperties) = preSolution
		HideSolutionNode = FALSE
	EndGlobalSection
	GlobalSection(ExtensibilityGlobals) = postSolution
		SolutionGuid = {07011972-FFCD-4FD4-96A8-01078B639815}
	EndGlobalSection
EndGlobal
